
Microsoft Visual Studio Solution File, Format Version 12.00
# Visual Studio Version 16
VisualStudioVersion = 16.0.31624.102
MinimumVisualStudioVersion = 10.0.40219.1
Project("{9A19103F-16F7-4668-BE54-9A1E7A4F7556}") = "AnonymusMethods_Lesson12", "AnonymusMethods_Lesson12\AnonymusMethods_Lesson12.csproj", "{E788AE2B-54CF-4548-A1C8-012B206F3207}"
EndProject
Global
	GlobalSection(SolutionConfigurationPlatforms) = preSolution
		Debug|Any CPU = Debug|Any CPU
		Release|Any CPU = Release|Any CPU
	EndGlobalSection
	GlobalSection(ProjectConfigurationPlatforms) = postSolution
		{E788AE2B-54CF-4548-A1C8-012B206F3207}.Debug|Any CPU.ActiveCfg = Debug|Any CPU
		{E788AE2B-54CF-4548-A1C8-012B206F3207}.Debug|Any CPU.Build.0 = Debug|Any CPU
		{E788AE2B-54CF-4548-A1C8-012B206F3207}.Release|Any CPU.ActiveCfg = Release|Any CPU
		{E788AE2B-54CF-4548-A1C8-012B206F3207}.Release|Any CPU.Build.0 = Release|Any CPU
	EndGlobalSection
	GlobalSection(SolutionProperties) = preSolution
		HideSolutionNode = FALSE
	EndGlobalSection
	GlobalSection(ExtensibilityGlobals) = postSolution
		SolutionGuid = {3EADD172-F37E-4607-A93A-3323D1D48762}
	EndGlobalSection
EndGlobal
